
Microsoft Visual Studio Solution File, Format Version 12.00
# Visual Studio 14
VisualStudioVersion = 14.0.25420.1
MinimumVisualStudioVersion = 10.0.40219.1
Project("{8BC9CEB8-8B4A-11D0-8D11-00A0C91BC942}") = "HelloGitHub", "HelloGitHub\HelloGitHub.vcxproj", "{AE3AD1E7-3527-4DBE-A943-6A6D08FE3C7B}"
EndProject
Project("{8BC9CEB8-8B4A-11D0-8D11-00A0C91BC942}") = "RandomEnemyGenerator", "RandomEnemyGenerator\RandomEnemyGenerator.vcxproj", "{050165D3-13CE-4E11-ABD9-16ED74CC68FE}"
EndProject
Project("{8BC9CEB8-8B4A-11D0-8D11-00A0C91BC942}") = "TheWalkingDead", "TheWalkingDead\TheWalkingDead.vcxproj", "{0167E84E-8254-4CCA-B67F-8000FCD1AA62}"
EndProject
Project("{8BC9CEB8-8B4A-11D0-8D11-00A0C91BC942}") = "DynArray", "DynArray\DynArray.vcxproj", "{61A3246A-6F28-4691-81FB-238EB72C3BF4}"
EndProject
Project("{8BC9CEB8-8B4A-11D0-8D11-00A0C91BC942}") = "Vector", "Vector\Vector.vcxproj", "{6F8DD50C-C93C-4C5A-A748-5762B3EF415D}"
EndProject
Project("{8BC9CEB8-8B4A-11D0-8D11-00A0C91BC942}") = "PlayerRanking", "PlayerRanking\PlayerRanking.vcxproj", "{35DD5F1F-ED3C-4B54-97CA-EBC4368EECD5}"
EndProject
Project("{8BC9CEB8-8B4A-11D0-8D11-00A0C91BC942}") = "A08", "A08\A08.vcxproj", "{54B16BC5-CF1A-4863-AF2D-0EC6AE908939}"
EndProject
Project("{8BC9CEB8-8B4A-11D0-8D11-00A0C91BC942}") = "A09", "A09\A09.vcxproj", "{C263D5E5-7837-40C6-B703-CFE2664C0E30}"
EndProject
Global
	GlobalSection(SolutionConfigurationPlatforms) = preSolution
		Debug|x64 = Debug|x64
		Debug|x86 = Debug|x86
		Release|x64 = Release|x64
		Release|x86 = Release|x86
	EndGlobalSection
	GlobalSection(ProjectConfigurationPlatforms) = postSolution
		{AE3AD1E7-3527-4DBE-A943-6A6D08FE3C7B}.Debug|x64.ActiveCfg = Debug|x64
		{AE3AD1E7-3527-4DBE-A943-6A6D08FE3C7B}.Debug|x64.Build.0 = Debug|x64
		{AE3AD1E7-3527-4DBE-A943-6A6D08FE3C7B}.Debug|x86.ActiveCfg = Debug|Win32
		{AE3AD1E7-3527-4DBE-A943-6A6D08FE3C7B}.Debug|x86.Build.0 = Debug|Win32
		{AE3AD1E7-3527-4DBE-A943-6A6D08FE3C7B}.Release|x64.ActiveCfg = Release|x64
		{AE3AD1E7-3527-4DBE-A943-6A6D08FE3C7B}.Release|x64.Build.0 = Release|x64
		{AE3AD1E7-3527-4DBE-A943-6A6D08FE3C7B}.Release|x86.ActiveCfg = Release|Win32
		{AE3AD1E7-3527-4DBE-A943-6A6D08FE3C7B}.Release|x86.Build.0 = Release|Win32
		{050165D3-13CE-4E11-ABD9-16ED74CC68FE}.Debug|x64.ActiveCfg = Debug|x64
		{050165D3-13CE-4E11-ABD9-16ED74CC68FE}.Debug|x64.Build.0 = Debug|x64
		{050165D3-13CE-4E11-ABD9-16ED74CC68FE}.Debug|x86.ActiveCfg = Debug|Win32
		{050165D3-13CE-4E11-ABD9-16ED74CC68FE}.Debug|x86.Build.0 = Debug|Win32
		{050165D3-13CE-4E11-ABD9-16ED74CC68FE}.Release|x64.ActiveCfg = Release|x64
		{050165D3-13CE-4E11-ABD9-16ED74CC68FE}.Release|x64.Build.0 = Release|x64
		{050165D3-13CE-4E11-ABD9-16ED74CC68FE}.Release|x86.ActiveCfg = Release|Win32
		{050165D3-13CE-4E11-ABD9-16ED74CC68FE}.Release|x86.Build.0 = Release|Win32
		{0167E84E-8254-4CCA-B67F-8000FCD1AA62}.Debug|x64.ActiveCfg = Debug|x64
		{0167E84E-8254-4CCA-B67F-8000FCD1AA62}.Debug|x64.Build.0 = Debug|x64
		{0167E84E-8254-4CCA-B67F-8000FCD1AA62}.Debug|x86.ActiveCfg = Debug|Win32
		{0167E84E-8254-4CCA-B67F-8000FCD1AA62}.Debug|x86.Build.0 = Debug|Win32
		{0167E84E-8254-4CCA-B67F-8000FCD1AA62}.Release|x64.ActiveCfg = Release|x64
		{0167E84E-8254-4CCA-B67F-8000FCD1AA62}.Release|x64.Build.0 = Release|x64
		{0167E84E-8254-4CCA-B67F-8000FCD1AA62}.Release|x86.ActiveCfg = Release|Win32
		{0167E84E-8254-4CCA-B67F-8000FCD1AA62}.Release|x86.Build.0 = Release|Win32
		{61A3246A-6F28-4691-81FB-238EB72C3BF4}.Debug|x64.ActiveCfg = Debug|x64
		{61A3246A-6F28-4691-81FB-238EB72C3BF4}.Debug|x64.Build.0 = Debug|x64
		{61A3246A-6F28-4691-81FB-238EB72C3BF4}.Debug|x86.ActiveCfg = Debug|Win32
		{61A3246A-6F28-4691-81FB-238EB72C3BF4}.Debug|x86.Build.0 = Debug|Win32
		{61A3246A-6F28-4691-81FB-238EB72C3BF4}.Release|x64.ActiveCfg = Release|x64
		{61A3246A-6F28-4691-81FB-238EB72C3BF4}.Release|x64.Build.0 = Release|x64
		{61A3246A-6F28-4691-81FB-238EB72C3BF4}.Release|x86.ActiveCfg = Release|Win32
		{61A3246A-6F28-4691-81FB-238EB72C3BF4}.Release|x86.Build.0 = Release|Win32
		{6F8DD50C-C93C-4C5A-A748-5762B3EF415D}.Debug|x64.ActiveCfg = Debug|x64
		{6F8DD50C-C93C-4C5A-A748-5762B3EF415D}.Debug|x64.Build.0 = Debug|x64
		{6F8DD50C-C93C-4C5A-A748-5762B3EF415D}.Debug|x86.ActiveCfg = Debug|Win32
		{6F8DD50C-C93C-4C5A-A748-5762B3EF415D}.Debug|x86.Build.0 = Debug|Win32
		{6F8DD50C-C93C-4C5A-A748-5762B3EF415D}.Release|x64.ActiveCfg = Release|x64
		{6F8DD50C-C93C-4C5A-A748-5762B3EF415D}.Release|x64.Build.0 = Release|x64
		{6F8DD50C-C93C-4C5A-A748-5762B3EF415D}.Release|x86.ActiveCfg = Release|Win32
		{6F8DD50C-C93C-4C5A-A748-5762B3EF415D}.Release|x86.Build.0 = Release|Win32
		{35DD5F1F-ED3C-4B54-97CA-EBC4368EECD5}.Debug|x64.ActiveCfg = Debug|x64
		{35DD5F1F-ED3C-4B54-97CA-EBC4368EECD5}.Debug|x64.Build.0 = Debug|x64
		{35DD5F1F-ED3C-4B54-97CA-EBC4368EECD5}.Debug|x86.ActiveCfg = Debug|Win32
		{35DD5F1F-ED3C-4B54-97CA-EBC4368EECD5}.Debug|x86.Build.0 = Debug|Win32
		{35DD5F1F-ED3C-4B54-97CA-EBC4368EECD5}.Release|x64.ActiveCfg = Release|x64
		{35DD5F1F-ED3C-4B54-97CA-EBC4368EECD5}.Release|x64.Build.0 = Release|x64
		{35DD5F1F-ED3C-4B54-97CA-EBC4368EECD5}.Release|x86.ActiveCfg = Release|Win32
		{35DD5F1F-ED3C-4B54-97CA-EBC4368EECD5}.Release|x86.Build.0 = Release|Win32
		{54B16BC5-CF1A-4863-AF2D-0EC6AE908939}.Debug|x64.ActiveCfg = Debug|x64
		{54B16BC5-CF1A-4863-AF2D-0EC6AE908939}.Debug|x64.Build.0 = Debug|x64
		{54B16BC5-CF1A-4863-AF2D-0EC6AE908939}.Debug|x86.ActiveCfg = Debug|Win32
		{54B16BC5-CF1A-4863-AF2D-0EC6AE908939}.Debug|x86.Build.0 = Debug|Win32
		{54B16BC5-CF1A-4863-AF2D-0EC6AE908939}.Release|x64.ActiveCfg = Release|x64
		{54B16BC5-CF1A-4863-AF2D-0EC6AE908939}.Release|x64.Build.0 = Release|x64
		{54B16BC5-CF1A-4863-AF2D-0EC6AE908939}.Release|x86.ActiveCfg = Release|Win32
		{54B16BC5-CF1A-4863-AF2D-0EC6AE908939}.Release|x86.Build.0 = Release|Win32
		{C263D5E5-7837-40C6-B703-CFE2664C0E30}.Debug|x64.ActiveCfg = Debug|x64
		{C263D5E5-7837-40C6-B703-CFE2664C0E30}.Debug|x64.Build.0 = Debug|x64
		{C263D5E5-7837-40C6-B703-CFE2664C0E30}.Debug|x86.ActiveCfg = Debug|Win32
		{C263D5E5-7837-40C6-B703-CFE2664C0E30}.Debug|x86.Build.0 = Debug|Win32
		{C263D5E5-7837-40C6-B703-CFE2664C0E30}.Release|x64.ActiveCfg = Release|x64
		{C263D5E5-7837-40C6-B703-CFE2664C0E30}.Release|x64.Build.0 = Release|x64
		{C263D5E5-7837-40C6-B703-CFE2664C0E30}.Release|x86.ActiveCfg = Release|Win32
		{C263D5E5-7837-40C6-B703-CFE2664C0E30}.Release|x86.Build.0 = Release|Win32
	EndGlobalSection
	GlobalSection(SolutionProperties) = preSolution
		HideSolutionNode = FALSE
	EndGlobalSection
EndGlobal
